// !$*UTF8*$!
{
	archiveVersion = 1;
	classes = {
	};
	objectVersion = 56;
	objects = {

/* Begin PBXBuildFile section */
		616427892BE0FCB90017CEFF /* ShopLiApp.swift in Sources */ = {isa = PBXBuildFile; fileRef = 616427882BE0FCB90017CEFF /* ShopLiApp.swift */; };
		6164278D2BE0FCBA0017CEFF /* Assets.xcassets in Resources */ = {isa = PBXBuildFile; fileRef = 6164278C2BE0FCBA0017CEFF /* Assets.xcassets */; };
		616427902BE0FCBA0017CEFF /* Preview Assets.xcassets in Resources */ = {isa = PBXBuildFile; fileRef = 6164278F2BE0FCBA0017CEFF /* Preview Assets.xcassets */; };
		616427972BE100F50017CEFF /* ContentView.swift in Sources */ = {isa = PBXBuildFile; fileRef = 616427962BE100F50017CEFF /* ContentView.swift */; };
		616427992BE101050017CEFF /* CreateListView.swift in Sources */ = {isa = PBXBuildFile; fileRef = 616427982BE101050017CEFF /* CreateListView.swift */; };
		6164279B2BE102190017CEFF /* List.swift in Sources */ = {isa = PBXBuildFile; fileRef = 6164279A2BE102190017CEFF /* List.swift */; };
		61D73F0C2BEBDE7C0029A2B6 /* ListDetailsView.swift in Sources */ = {isa = PBXBuildFile; fileRef = 61D73F0B2BEBDE7C0029A2B6 /* ListDetailsView.swift */; };
		61F000E62BFF5903006C8D91 /* ContentViewModel.swift in Sources */ = {isa = PBXBuildFile; fileRef = 61F000E52BFF5903006C8D91 /* ContentViewModel.swift */; };
		61F000EB2BFF59B0006C8D91 /* CreateListViewModel.swift in Sources */ = {isa = PBXBuildFile; fileRef = 61F000EA2BFF59B0006C8D91 /* CreateListViewModel.swift */; };
		61F000ED2BFF5CED006C8D91 /* ProductRowView.swift in Sources */ = {isa = PBXBuildFile; fileRef = 61F000EC2BFF5CED006C8D91 /* ProductRowView.swift */; };
		61F000F02BFF5D0B006C8D91 /* ProductRowViewModel.swift in Sources */ = {isa = PBXBuildFile; fileRef = 61F000EF2BFF5D0B006C8D91 /* ProductRowViewModel.swift */; };
		61F000F22BFF5D1B006C8D91 /* ListDetailsViewModel.swift in Sources */ = {isa = PBXBuildFile; fileRef = 61F000F12BFF5D1B006C8D91 /* ListDetailsViewModel.swift */; };
		61F000F52BFF5D6D006C8D91 /* RenameListView.swift in Sources */ = {isa = PBXBuildFile; fileRef = 61F000F42BFF5D6D006C8D91 /* RenameListView.swift */; };
/* End PBXBuildFile section */

/* Begin PBXFileReference section */
		616427852BE0FCB90017CEFF /* ShopLi.app */ = {isa = PBXFileReference; explicitFileType = wrapper.application; includeInIndex = 0; path = ShopLi.app; sourceTree = BUILT_PRODUCTS_DIR; };
		616427882BE0FCB90017CEFF /* ShopLiApp.swift */ = {isa = PBXFileReference; lastKnownFileType = sourcecode.swift; path = ShopLiApp.swift; sourceTree = "<group>"; };
		6164278C2BE0FCBA0017CEFF /* Assets.xcassets */ = {isa = PBXFileReference; lastKnownFileType = folder.assetcatalog; path = Assets.xcassets; sourceTree = "<group>"; };
		6164278F2BE0FCBA0017CEFF /* Preview Assets.xcassets */ = {isa = PBXFileReference; lastKnownFileType = folder.assetcatalog; path = "Preview Assets.xcassets"; sourceTree = "<group>"; };
		616427962BE100F50017CEFF /* ContentView.swift */ = {isa = PBXFileReference; lastKnownFileType = sourcecode.swift; path = ContentView.swift; sourceTree = "<group>"; };
		616427982BE101050017CEFF /* CreateListView.swift */ = {isa = PBXFileReference; lastKnownFileType = sourcecode.swift; path = CreateListView.swift; sourceTree = "<group>"; };
		6164279A2BE102190017CEFF /* List.swift */ = {isa = PBXFileReference; lastKnownFileType = sourcecode.swift; path = List.swift; sourceTree = "<group>"; };
		61D73F0B2BEBDE7C0029A2B6 /* ListDetailsView.swift */ = {isa = PBXFileReference; lastKnownFileType = sourcecode.swift; path = ListDetailsView.swift; sourceTree = "<group>"; };
		61F000E52BFF5903006C8D91 /* ContentViewModel.swift */ = {isa = PBXFileReference; lastKnownFileType = sourcecode.swift; path = ContentViewModel.swift; sourceTree = "<group>"; };
		61F000EA2BFF59B0006C8D91 /* CreateListViewModel.swift */ = {isa = PBXFileReference; lastKnownFileType = sourcecode.swift; path = CreateListViewModel.swift; sourceTree = "<group>"; };
		61F000EC2BFF5CED006C8D91 /* ProductRowView.swift */ = {isa = PBXFileReference; lastKnownFileType = sourcecode.swift; path = ProductRowView.swift; sourceTree = "<group>"; };
		61F000EF2BFF5D0B006C8D91 /* ProductRowViewModel.swift */ = {isa = PBXFileReference; lastKnownFileType = sourcecode.swift; path = ProductRowViewModel.swift; sourceTree = "<group>"; };
		61F000F12BFF5D1B006C8D91 /* ListDetailsViewModel.swift */ = {isa = PBXFileReference; lastKnownFileType = sourcecode.swift; path = ListDetailsViewModel.swift; sourceTree = "<group>"; };
		61F000F42BFF5D6D006C8D91 /* RenameListView.swift */ = {isa = PBXFileReference; lastKnownFileType = sourcecode.swift; path = RenameListView.swift; sourceTree = "<group>"; };
/* End PBXFileReference section */

/* Begin PBXFrameworksBuildPhase section */
		616427822BE0FCB90017CEFF /* Frameworks */ = {
			isa = PBXFrameworksBuildPhase;
			buildActionMask = 2147483647;
			files = (
			);
			runOnlyForDeploymentPostprocessing = 0;
		};
/* End PBXFrameworksBuildPhase section */

/* Begin PBXGroup section */
		6164277C2BE0FCB90017CEFF = {
			isa = PBXGroup;
			children = (
				616427872BE0FCB90017CEFF /* ShopLi */,
				616427862BE0FCB90017CEFF /* Products */,
			);
			sourceTree = "<group>";
		};
		616427862BE0FCB90017CEFF /* Products */ = {
			isa = PBXGroup;
			children = (
				616427852BE0FCB90017CEFF /* ShopLi.app */,
			);
			name = Products;
			sourceTree = "<group>";
		};
		616427872BE0FCB90017CEFF /* ShopLi */ = {
			isa = PBXGroup;
			children = (
				61F000E92BFF5968006C8D91 /* Views */,
				61F000E72BFF594B006C8D91 /* Logic */,
				616427882BE0FCB90017CEFF /* ShopLiApp.swift */,
				6164278C2BE0FCBA0017CEFF /* Assets.xcassets */,
				6164278E2BE0FCBA0017CEFF /* Preview Content */,
			);
			path = ShopLi;
			sourceTree = "<group>";
		};
		6164278E2BE0FCBA0017CEFF /* Preview Content */ = {
			isa = PBXGroup;
			children = (
				6164278F2BE0FCBA0017CEFF /* Preview Assets.xcassets */,
			);
			path = "Preview Content";
			sourceTree = "<group>";
		};
		61F000E32BFF58D2006C8D91 /* ListDetailsView */ = {
			isa = PBXGroup;
			children = (
				61F000EE2BFF5CF7006C8D91 /* ProductRowView */,
				61D73F0B2BEBDE7C0029A2B6 /* ListDetailsView.swift */,
				61F000F12BFF5D1B006C8D91 /* ListDetailsViewModel.swift */,
				61F000F42BFF5D6D006C8D91 /* RenameListView.swift */,
			);
			path = ListDetailsView;
			sourceTree = "<group>";
		};
		61F000E42BFF58E7006C8D91 /* ContentView */ = {
			isa = PBXGroup;
			children = (
				616427962BE100F50017CEFF /* ContentView.swift */,
				61F000E52BFF5903006C8D91 /* ContentViewModel.swift */,
			);
			path = ContentView;
			sourceTree = "<group>";
		};
		61F000E72BFF594B006C8D91 /* Logic */ = {
			isa = PBXGroup;
			children = (
				6164279A2BE102190017CEFF /* List.swift */,
			);
			path = Logic;
			sourceTree = "<group>";
		};
		61F000E82BFF595D006C8D91 /* CreateListView */ = {
			isa = PBXGroup;
			children = (
				616427982BE101050017CEFF /* CreateListView.swift */,
				61F000EA2BFF59B0006C8D91 /* CreateListViewModel.swift */,
			);
			path = CreateListView;
			sourceTree = "<group>";
		};
		61F000E92BFF5968006C8D91 /* Views */ = {
			isa = PBXGroup;
			children = (
				61F000E42BFF58E7006C8D91 /* ContentView */,
				61F000E82BFF595D006C8D91 /* CreateListView */,
				61F000E32BFF58D2006C8D91 /* ListDetailsView */,
			);
			path = Views;
			sourceTree = "<group>";
		};
		61F000EE2BFF5CF7006C8D91 /* ProductRowView */ = {
			isa = PBXGroup;
			children = (
				61F000EC2BFF5CED006C8D91 /* ProductRowView.swift */,
				61F000EF2BFF5D0B006C8D91 /* ProductRowViewModel.swift */,
			);
			path = ProductRowView;
			sourceTree = "<group>";
		};
/* End PBXGroup section */

/* Begin PBXNativeTarget section */
		616427842BE0FCB90017CEFF /* ShopLi */ = {
			isa = PBXNativeTarget;
			buildConfigurationList = 616427932BE0FCBA0017CEFF /* Build configuration list for PBXNativeTarget "ShopLi" */;
			buildPhases = (
				616427812BE0FCB90017CEFF /* Sources */,
				616427822BE0FCB90017CEFF /* Frameworks */,
				616427832BE0FCB90017CEFF /* Resources */,
			);
			buildRules = (
			);
			dependencies = (
			);
			name = ShopLi;
			productName = ShopLi;
			productReference = 616427852BE0FCB90017CEFF /* ShopLi.app */;
			productType = "com.apple.product-type.application";
		};
/* End PBXNativeTarget section */

/* Begin PBXProject section */
		6164277D2BE0FCB90017CEFF /* Project object */ = {
			isa = PBXProject;
			attributes = {
				BuildIndependentTargetsInParallel = 1;
				LastSwiftUpdateCheck = 1530;
				LastUpgradeCheck = 1530;
				TargetAttributes = {
					616427842BE0FCB90017CEFF = {
						CreatedOnToolsVersion = 15.3;
					};
				};
			};
			buildConfigurationList = 616427802BE0FCB90017CEFF /* Build configuration list for PBXProject "ShopLi" */;
			compatibilityVersion = "Xcode 14.0";
			developmentRegion = en;
			hasScannedForEncodings = 0;
			knownRegions = (
				en,
				Base,
			);
			mainGroup = 6164277C2BE0FCB90017CEFF;
			productRefGroup = 616427862BE0FCB90017CEFF /* Products */;
			projectDirPath = "";
			projectRoot = "";
			targets = (
				616427842BE0FCB90017CEFF /* ShopLi */,
			);
		};
/* End PBXProject section */

/* Begin PBXResourcesBuildPhase section */
		616427832BE0FCB90017CEFF /* Resources */ = {
			isa = PBXResourcesBuildPhase;
			buildActionMask = 2147483647;
			files = (
				616427902BE0FCBA0017CEFF /* Preview Assets.xcassets in Resources */,
				6164278D2BE0FCBA0017CEFF /* Assets.xcassets in Resources */,
			);
			runOnlyForDeploymentPostprocessing = 0;
		};
/* End PBXResourcesBuildPhase section */

/* Begin PBXSourcesBuildPhase section */
		616427812BE0FCB90017CEFF /* Sources */ = {
			isa = PBXSourcesBuildPhase;
			buildActionMask = 2147483647;
			files = (
				616427992BE101050017CEFF /* CreateListView.swift in Sources */,
				61F000F22BFF5D1B006C8D91 /* ListDetailsViewModel.swift in Sources */,
				61F000E62BFF5903006C8D91 /* ContentViewModel.swift in Sources */,
				6164279B2BE102190017CEFF /* List.swift in Sources */,
				61F000F52BFF5D6D006C8D91 /* RenameListView.swift in Sources */,
				61F000F02BFF5D0B006C8D91 /* ProductRowViewModel.swift in Sources */,
				61F000ED2BFF5CED006C8D91 /* ProductRowView.swift in Sources */,
				61D73F0C2BEBDE7C0029A2B6 /* ListDetailsView.swift in Sources */,
				616427892BE0FCB90017CEFF /* ShopLiApp.swift in Sources */,
				616427972BE100F50017CEFF /* ContentView.swift in Sources */,
				61F000EB2BFF59B0006C8D91 /* CreateListViewModel.swift in Sources */,
			);
			runOnlyForDeploymentPostprocessing = 0;
		};
/* End PBXSourcesBuildPhase section */

/* Begin XCBuildConfiguration section */
		616427912BE0FCBA0017CEFF /* Debug */ = {
			isa = XCBuildConfiguration;
			buildSettings = {
				ALWAYS_SEARCH_USER_PATHS = NO;
				ASSETCATALOG_COMPILER_GENERATE_SWIFT_ASSET_SYMBOL_EXTENSIONS = YES;
				CLANG_ANALYZER_NONNULL = YES;
				CLANG_ANALYZER_NUMBER_OBJECT_CONVERSION = YES_AGGRESSIVE;
				CLANG_CXX_LANGUAGE_STANDARD = "gnu++20";
				CLANG_ENABLE_MODULES = YES;
				CLANG_ENABLE_OBJC_ARC = YES;
				CLANG_ENABLE_OBJC_WEAK = YES;
				CLANG_WARN_BLOCK_CAPTURE_AUTORELEASING = YES;
				CLANG_WARN_BOOL_CONVERSION = YES;
				CLANG_WARN_COMMA = YES;
				CLANG_WARN_CONSTANT_CONVERSION = YES;
				CLANG_WARN_DEPRECATED_OBJC_IMPLEMENTATIONS = YES;
				CLANG_WARN_DIRECT_OBJC_ISA_USAGE = YES_ERROR;
				CLANG_WARN_DOCUMENTATION_COMMENTS = YES;
				CLANG_WARN_EMPTY_BODY = YES;
				CLANG_WARN_ENUM_CONVERSION = YES;
				CLANG_WARN_INFINITE_RECURSION = YES;
				CLANG_WARN_INT_CONVERSION = YES;
				CLANG_WARN_NON_LITERAL_NULL_CONVERSION = YES;
				CLANG_WARN_OBJC_IMPLICIT_RETAIN_SELF = YES;
				CLANG_WARN_OBJC_LITERAL_CONVERSION = YES;
				CLANG_WARN_OBJC_ROOT_CLASS = YES_ERROR;
				CLANG_WARN_QUOTED_INCLUDE_IN_FRAMEWORK_HEADER = YES;
				CLANG_WARN_RANGE_LOOP_ANALYSIS = YES;
				CLANG_WARN_STRICT_PROTOTYPES = YES;
				CLANG_WARN_SUSPICIOUS_MOVE = YES;
				CLANG_WARN_UNGUARDED_AVAILABILITY = YES_AGGRESSIVE;
				CLANG_WARN_UNREACHABLE_CODE = YES;
				CLANG_WARN__DUPLICATE_METHOD_MATCH = YES;
				COPY_PHASE_STRIP = NO;
				DEBUG_INFORMATION_FORMAT = dwarf;
				ENABLE_STRICT_OBJC_MSGSEND = YES;
				ENABLE_TESTABILITY = YES;
				ENABLE_USER_SCRIPT_SANDBOXING = YES;
				GCC_C_LANGUAGE_STANDARD = gnu17;
				GCC_DYNAMIC_NO_PIC = NO;
				GCC_NO_COMMON_BLOCKS = YES;
				GCC_OPTIMIZATION_LEVEL = 0;
				GCC_PREPROCESSOR_DEFINITIONS = (
					"DEBUG=1",
					"$(inherited)",
				);
				GCC_WARN_64_TO_32_BIT_CONVERSION = YES;
				GCC_WARN_ABOUT_RETURN_TYPE = YES_ERROR;
				GCC_WARN_UNDECLARED_SELECTOR = YES;
				GCC_WARN_UNINITIALIZED_AUTOS = YES_AGGRESSIVE;
				GCC_WARN_UNUSED_FUNCTION = YES;
				GCC_WARN_UNUSED_VARIABLE = YES;
				IPHONEOS_DEPLOYMENT_TARGET = 17.4;
				LOCALIZATION_PREFERS_STRING_CATALOGS = YES;
				MTL_ENABLE_DEBUG_INFO = INCLUDE_SOURCE;
				MTL_FAST_MATH = YES;
				ONLY_ACTIVE_ARCH = YES;
				SDKROOT = iphoneos;
				SWIFT_ACTIVE_COMPILATION_CONDITIONS = "DEBUG $(inherited)";
				SWIFT_OPTIMIZATION_LEVEL = "-Onone";
			};
			name = Debug;
		};
		616427922BE0FCBA0017CEFF /* Release */ = {
			isa = XCBuildConfiguration;
			buildSettings = {
				ALWAYS_SEARCH_USER_PATHS = NO;
				ASSETCATALOG_COMPILER_GENERATE_SWIFT_ASSET_SYMBOL_EXTENSIONS = YES;
				CLANG_ANALYZER_NONNULL = YES;
				CLANG_ANALYZER_NUMBER_OBJECT_CONVERSION = YES_AGGRESSIVE;
				CLANG_CXX_LANGUAGE_STANDARD = "gnu++20";
				CLANG_ENABLE_MODULES = YES;
				CLANG_ENABLE_OBJC_ARC = YES;
				CLANG_ENABLE_OBJC_WEAK = YES;
				CLANG_WARN_BLOCK_CAPTURE_AUTORELEASING = YES;
				CLANG_WARN_BOOL_CONVERSION = YES;
				CLANG_WARN_COMMA = YES;
				CLANG_WARN_CONSTANT_CONVERSION = YES;
				CLANG_WARN_DEPRECATED_OBJC_IMPLEMENTATIONS = YES;
				CLANG_WARN_DIRECT_OBJC_ISA_USAGE = YES_ERROR;
				CLANG_WARN_DOCUMENTATION_COMMENTS = YES;
				CLANG_WARN_EMPTY_BODY = YES;
				CLANG_WARN_ENUM_CONVERSION = YES;
				CLANG_WARN_INFINITE_RECURSION = YES;
				CLANG_WARN_INT_CONVERSION = YES;
				CLANG_WARN_NON_LITERAL_NULL_CONVERSION = YES;
				CLANG_WARN_OBJC_IMPLICIT_RETAIN_SELF = YES;
				CLANG_WARN_OBJC_LITERAL_CONVERSION = YES;
				CLANG_WARN_OBJC_ROOT_CLASS = YES_ERROR;
				CLANG_WARN_QUOTED_INCLUDE_IN_FRAMEWORK_HEADER = YES;
				CLANG_WARN_RANGE_LOOP_ANALYSIS = YES;
				CLANG_WARN_STRICT_PROTOTYPES = YES;
				CLANG_WARN_SUSPICIOUS_MOVE = YES;
				CLANG_WARN_UNGUARDED_AVAILABILITY = YES_AGGRESSIVE;
				CLANG_WARN_UNREACHABLE_CODE = YES;
				CLANG_WARN__DUPLICATE_METHOD_MATCH = YES;
				COPY_PHASE_STRIP = NO;
				DEBUG_INFORMATION_FORMAT = "dwarf-with-dsym";
				ENABLE_NS_ASSERTIONS = NO;
				ENABLE_STRICT_OBJC_MSGSEND = YES;
				ENABLE_USER_SCRIPT_SANDBOXING = YES;
				GCC_C_LANGUAGE_STANDARD = gnu17;
				GCC_NO_COMMON_BLOCKS = YES;
				GCC_WARN_64_TO_32_BIT_CONVERSION = YES;
				GCC_WARN_ABOUT_RETURN_TYPE = YES_ERROR;
				GCC_WARN_UNDECLARED_SELECTOR = YES;
				GCC_WARN_UNINITIALIZED_AUTOS = YES_AGGRESSIVE;
				GCC_WARN_UNUSED_FUNCTION = YES;
				GCC_WARN_UNUSED_VARIABLE = YES;
				IPHONEOS_DEPLOYMENT_TARGET = 17.4;
				LOCALIZATION_PREFERS_STRING_CATALOGS = YES;
				MTL_ENABLE_DEBUG_INFO = NO;
				MTL_FAST_MATH = YES;
				SDKROOT = iphoneos;
				SWIFT_COMPILATION_MODE = wholemodule;
				VALIDATE_PRODUCT = YES;
			};
			name = Release;
		};
		616427942BE0FCBA0017CEFF /* Debug */ = {
			isa = XCBuildConfiguration;
			buildSettings = {
				ASSETCATALOG_COMPILER_APPICON_NAME = AppIcon;
				ASSETCATALOG_COMPILER_GLOBAL_ACCENT_COLOR_NAME = AccentColor;
				CODE_SIGN_STYLE = Automatic;
				CURRENT_PROJECT_VERSION = 1;
				DEVELOPMENT_ASSET_PATHS = "\"ShopLi/Preview Content\"";
				DEVELOPMENT_TEAM = 3M9856694H;
				ENABLE_PREVIEWS = YES;
				GENERATE_INFOPLIST_FILE = YES;
				INFOPLIST_KEY_UIApplicationSceneManifest_Generation = YES;
				INFOPLIST_KEY_UIApplicationSupportsIndirectInputEvents = YES;
				INFOPLIST_KEY_UILaunchScreen_Generation = YES;
				INFOPLIST_KEY_UISupportedInterfaceOrientations_iPad = "UIInterfaceOrientationPortrait UIInterfaceOrientationPortraitUpsideDown UIInterfaceOrientationLandscapeLeft UIInterfaceOrientationLandscapeRight";
				INFOPLIST_KEY_UISupportedInterfaceOrientations_iPhone = "UIInterfaceOrientationPortrait UIInterfaceOrientationLandscapeLeft UIInterfaceOrientationLandscapeRight";
				LD_RUNPATH_SEARCH_PATHS = (
					"$(inherited)",
					"@executable_path/Frameworks",
				);
				MARKETING_VERSION = 1.0;
				PRODUCT_BUNDLE_IDENTIFIER = AL.ShopLi;
				PRODUCT_NAME = "$(TARGET_NAME)";
				SWIFT_EMIT_LOC_STRINGS = YES;
				SWIFT_VERSION = 5.0;
				TARGETED_DEVICE_FAMILY = "1,2";
			};
			name = Debug;
		};
		616427952BE0FCBA0017CEFF /* Release */ = {
			isa = XCBuildConfiguration;
			buildSettings = {
				ASSETCATALOG_COMPILER_APPICON_NAME = AppIcon;
				ASSETCATALOG_COMPILER_GLOBAL_ACCENT_COLOR_NAME = AccentColor;
				CODE_SIGN_STYLE = Automatic;
				CURRENT_PROJECT_VERSION = 1;
				DEVELOPMENT_ASSET_PATHS = "\"ShopLi/Preview Content\"";
				DEVELOPMENT_TEAM = 3M9856694H;
				ENABLE_PREVIEWS = YES;
				GENERATE_INFOPLIST_FILE = YES;
				INFOPLIST_KEY_UIApplicationSceneManifest_Generation = YES;
				INFOPLIST_KEY_UIApplicationSupportsIndirectInputEvents = YES;
				INFOPLIST_KEY_UILaunchScreen_Generation = YES;
				INFOPLIST_KEY_UISupportedInterfaceOrientations_iPad = "UIInterfaceOrientationPortrait UIInterfaceOrientationPortraitUpsideDown UIInterfaceOrientationLandscapeLeft UIInterfaceOrientationLandscapeRight";
				INFOPLIST_KEY_UISupportedInterfaceOrientations_iPhone = "UIInterfaceOrientationPortrait UIInterfaceOrientationLandscapeLeft UIInterfaceOrientationLandscapeRight";
				LD_RUNPATH_SEARCH_PATHS = (
					"$(inherited)",
					"@executable_path/Frameworks",
				);
				MARKETING_VERSION = 1.0;
				PRODUCT_BUNDLE_IDENTIFIER = AL.ShopLi;
				PRODUCT_NAME = "$(TARGET_NAME)";
				SWIFT_EMIT_LOC_STRINGS = YES;
				SWIFT_VERSION = 5.0;
				TARGETED_DEVICE_FAMILY = "1,2";
			};
			name = Release;
		};
/* End XCBuildConfiguration section */

/* Begin XCConfigurationList section */
		616427802BE0FCB90017CEFF /* Build configuration list for PBXProject "ShopLi" */ = {
			isa = XCConfigurationList;
			buildConfigurations = (
				616427912BE0FCBA0017CEFF /* Debug */,
				616427922BE0FCBA0017CEFF /* Release */,
			);
			defaultConfigurationIsVisible = 0;
			defaultConfigurationName = Release;
		};
		616427932BE0FCBA0017CEFF /* Build configuration list for PBXNativeTarget "ShopLi" */ = {
			isa = XCConfigurationList;
			buildConfigurations = (
				616427942BE0FCBA0017CEFF /* Debug */,
				616427952BE0FCBA0017CEFF /* Release */,
			);
			defaultConfigurationIsVisible = 0;
			defaultConfigurationName = Release;
		};
/* End XCConfigurationList section */
	};
	rootObject = 6164277D2BE0FCB90017CEFF /* Project object */;
}
